// !$*UTF8*$!
{
	archiveVersion = 1;
	classes = {
	};
	objectVersion = 56;
	objects = {

/* Begin PBXBuildFile section */
		11A1AD9F28F8634500FA2B36 /* GIProfileApp.swift in Sources */ = {isa = PBXBuildFile; fileRef = 11A1AD9E28F8634500FA2B36 /* GIProfileApp.swift */; };
		11A1ADA328F8634500FA2B36 /* Assets.xcassets in Resources */ = {isa = PBXBuildFile; fileRef = 11A1ADA228F8634500FA2B36 /* Assets.xcassets */; };
		11A1ADAD28F8809000FA2B36 /* HomeScreen.swift in Sources */ = {isa = PBXBuildFile; fileRef = 11A1ADAC28F8809000FA2B36 /* HomeScreen.swift */; };
		11A1ADB528F8837F00FA2B36 /* namecards.json in Resources */ = {isa = PBXBuildFile; fileRef = 11A1ADB328F8837F00FA2B36 /* namecards.json */; };
		11A1ADB628F8837F00FA2B36 /* characters.json in Resources */ = {isa = PBXBuildFile; fileRef = 11A1ADB428F8837F00FA2B36 /* characters.json */; };
		11A1ADB928F885EA00FA2B36 /* Bundle.swift in Sources */ = {isa = PBXBuildFile; fileRef = 11A1ADB828F885EA00FA2B36 /* Bundle.swift */; };
		11A1ADBB28F885FF00FA2B36 /* Character.swift in Sources */ = {isa = PBXBuildFile; fileRef = 11A1ADBA28F885FF00FA2B36 /* Character.swift */; };
		11A1ADBD28F886AE00FA2B36 /* Namecard.swift in Sources */ = {isa = PBXBuildFile; fileRef = 11A1ADBC28F886AE00FA2B36 /* Namecard.swift */; };
		11A1ADBF28F9B75800FA2B36 /* Profile.swift in Sources */ = {isa = PBXBuildFile; fileRef = 11A1ADBE28F9B75800FA2B36 /* Profile.swift */; };
		11A1ADC128F9B95B00FA2B36 /* ProfileStore.swift in Sources */ = {isa = PBXBuildFile; fileRef = 11A1ADC028F9B95B00FA2B36 /* ProfileStore.swift */; };
/* End PBXBuildFile section */

/* Begin PBXFileReference section */
		11A1AD9B28F8634500FA2B36 /* GI Profile.app */ = {isa = PBXFileReference; explicitFileType = wrapper.application; includeInIndex = 0; path = "GI Profile.app"; sourceTree = BUILT_PRODUCTS_DIR; };
		11A1AD9E28F8634500FA2B36 /* GIProfileApp.swift */ = {isa = PBXFileReference; lastKnownFileType = sourcecode.swift; path = GIProfileApp.swift; sourceTree = "<group>"; };
		11A1ADA228F8634500FA2B36 /* Assets.xcassets */ = {isa = PBXFileReference; lastKnownFileType = folder.assetcatalog; path = Assets.xcassets; sourceTree = "<group>"; };
		11A1ADAC28F8809000FA2B36 /* HomeScreen.swift */ = {isa = PBXFileReference; lastKnownFileType = sourcecode.swift; path = HomeScreen.swift; sourceTree = "<group>"; };
		11A1ADB328F8837F00FA2B36 /* namecards.json */ = {isa = PBXFileReference; fileEncoding = 4; lastKnownFileType = text.json; path = namecards.json; sourceTree = "<group>"; };
		11A1ADB428F8837F00FA2B36 /* characters.json */ = {isa = PBXFileReference; fileEncoding = 4; lastKnownFileType = text.json; path = characters.json; sourceTree = "<group>"; };
		11A1ADB828F885EA00FA2B36 /* Bundle.swift */ = {isa = PBXFileReference; lastKnownFileType = sourcecode.swift; path = Bundle.swift; sourceTree = "<group>"; };
		11A1ADBA28F885FF00FA2B36 /* Character.swift */ = {isa = PBXFileReference; lastKnownFileType = sourcecode.swift; path = Character.swift; sourceTree = "<group>"; };
		11A1ADBC28F886AE00FA2B36 /* Namecard.swift */ = {isa = PBXFileReference; lastKnownFileType = sourcecode.swift; path = Namecard.swift; sourceTree = "<group>"; };
		11A1ADBE28F9B75800FA2B36 /* Profile.swift */ = {isa = PBXFileReference; lastKnownFileType = sourcecode.swift; path = Profile.swift; sourceTree = "<group>"; };
		11A1ADC028F9B95B00FA2B36 /* ProfileStore.swift */ = {isa = PBXFileReference; lastKnownFileType = sourcecode.swift; path = ProfileStore.swift; sourceTree = "<group>"; };
		11A1ADC228F9B9D400FA2B36 /* GI Profile.entitlements */ = {isa = PBXFileReference; lastKnownFileType = text.plist.entitlements; path = "GI Profile.entitlements"; sourceTree = "<group>"; };
/* End PBXFileReference section */

/* Begin PBXFrameworksBuildPhase section */
		11A1AD9828F8634500FA2B36 /* Frameworks */ = {
			isa = PBXFrameworksBuildPhase;
			buildActionMask = 2147483647;
			files = (
			);
			runOnlyForDeploymentPostprocessing = 0;
		};
/* End PBXFrameworksBuildPhase section */

/* Begin PBXGroup section */
		11A1AD9228F8634500FA2B36 = {
			isa = PBXGroup;
			children = (
				11A1AD9D28F8634500FA2B36 /* GI Profile */,
				11A1AD9C28F8634500FA2B36 /* Products */,
			);
			sourceTree = "<group>";
		};
		11A1AD9C28F8634500FA2B36 /* Products */ = {
			isa = PBXGroup;
			children = (
				11A1AD9B28F8634500FA2B36 /* GI Profile.app */,
			);
			name = Products;
			sourceTree = "<group>";
		};
		11A1AD9D28F8634500FA2B36 /* GI Profile */ = {
			isa = PBXGroup;
			children = (
				11A1ADC228F9B9D400FA2B36 /* GI Profile.entitlements */,
				11A1ADAE28F8835100FA2B36 /* Data */,
				11A1ADB728F885DF00FA2B36 /* Extensions */,
				11A1AD9E28F8634500FA2B36 /* GIProfileApp.swift */,
				11A1ADAC28F8809000FA2B36 /* HomeScreen.swift */,
				11A1ADA228F8634500FA2B36 /* Assets.xcassets */,
			);
			path = "GI Profile";
			sourceTree = "<group>";
		};
		11A1ADAE28F8835100FA2B36 /* Data */ = {
			isa = PBXGroup;
			children = (
				11A1ADB428F8837F00FA2B36 /* characters.json */,
				11A1ADB328F8837F00FA2B36 /* namecards.json */,
				11A1ADBA28F885FF00FA2B36 /* Character.swift */,
				11A1ADBC28F886AE00FA2B36 /* Namecard.swift */,
				11A1ADBE28F9B75800FA2B36 /* Profile.swift */,
				11A1ADC028F9B95B00FA2B36 /* ProfileStore.swift */,
			);
			path = Data;
			sourceTree = "<group>";
		};
		11A1ADB728F885DF00FA2B36 /* Extensions */ = {
			isa = PBXGroup;
			children = (
				11A1ADB828F885EA00FA2B36 /* Bundle.swift */,
			);
			path = Extensions;
			sourceTree = "<group>";
		};
/* End PBXGroup section */

/* Begin PBXNativeTarget section */
		11A1AD9A28F8634500FA2B36 /* GI Profile */ = {
			isa = PBXNativeTarget;
			buildConfigurationList = 11A1ADA928F8634500FA2B36 /* Build configuration list for PBXNativeTarget "GI Profile" */;
			buildPhases = (
				11A1AD9728F8634500FA2B36 /* Sources */,
				11A1AD9828F8634500FA2B36 /* Frameworks */,
				11A1AD9928F8634500FA2B36 /* Resources */,
			);
			buildRules = (
			);
			dependencies = (
			);
			name = "GI Profile";
			productName = "GI Profile";
			productReference = 11A1AD9B28F8634500FA2B36 /* GI Profile.app */;
			productType = "com.apple.product-type.application";
		};
/* End PBXNativeTarget section */

/* Begin PBXProject section */
		11A1AD9328F8634500FA2B36 /* Project object */ = {
			isa = PBXProject;
			attributes = {
				BuildIndependentTargetsInParallel = 1;
				LastSwiftUpdateCheck = 1400;
				LastUpgradeCheck = 1400;
				TargetAttributes = {
					11A1AD9A28F8634500FA2B36 = {
						CreatedOnToolsVersion = 14.0.1;
					};
				};
			};
			buildConfigurationList = 11A1AD9628F8634500FA2B36 /* Build configuration list for PBXProject "GI Profile" */;
			compatibilityVersion = "Xcode 14.0";
			developmentRegion = en;
			hasScannedForEncodings = 0;
			knownRegions = (
				en,
				Base,
			);
			mainGroup = 11A1AD9228F8634500FA2B36;
			productRefGroup = 11A1AD9C28F8634500FA2B36 /* Products */;
			projectDirPath = "";
			projectRoot = "";
			targets = (
				11A1AD9A28F8634500FA2B36 /* GI Profile */,
			);
		};
/* End PBXProject section */

/* Begin PBXResourcesBuildPhase section */
		11A1AD9928F8634500FA2B36 /* Resources */ = {
			isa = PBXResourcesBuildPhase;
			buildActionMask = 2147483647;
			files = (
				11A1ADB528F8837F00FA2B36 /* namecards.json in Resources */,
				11A1ADA328F8634500FA2B36 /* Assets.xcassets in Resources */,
				11A1ADB628F8837F00FA2B36 /* characters.json in Resources */,
			);
			runOnlyForDeploymentPostprocessing = 0;
		};
/* End PBXResourcesBuildPhase section */

/* Begin PBXSourcesBuildPhase section */
		11A1AD9728F8634500FA2B36 /* Sources */ = {
			isa = PBXSourcesBuildPhase;
			buildActionMask = 2147483647;
			files = (
				11A1ADC128F9B95B00FA2B36 /* ProfileStore.swift in Sources */,
				11A1AD9F28F8634500FA2B36 /* GIProfileApp.swift in Sources */,
				11A1ADBF28F9B75800FA2B36 /* Profile.swift in Sources */,
				11A1ADBD28F886AE00FA2B36 /* Namecard.swift in Sources */,
				11A1ADB928F885EA00FA2B36 /* Bundle.swift in Sources */,
				11A1ADAD28F8809000FA2B36 /* HomeScreen.swift in Sources */,
				11A1ADBB28F885FF00FA2B36 /* Character.swift in Sources */,
			);
			runOnlyForDeploymentPostprocessing = 0;
		};
/* End PBXSourcesBuildPhase section */

/* Begin XCBuildConfiguration section */
		11A1ADA728F8634500FA2B36 /* Debug */ = {
			isa = XCBuildConfiguration;
			buildSettings = {
				ALWAYS_SEARCH_USER_PATHS = NO;
				CLANG_ANALYZER_NONNULL = YES;
				CLANG_ANALYZER_NUMBER_OBJECT_CONVERSION = YES_AGGRESSIVE;
				CLANG_CXX_LANGUAGE_STANDARD = "gnu++20";
				CLANG_ENABLE_MODULES = YES;
				CLANG_ENABLE_OBJC_ARC = YES;
				CLANG_ENABLE_OBJC_WEAK = YES;
				CLANG_WARN_BLOCK_CAPTURE_AUTORELEASING = YES;
				CLANG_WARN_BOOL_CONVERSION = YES;
				CLANG_WARN_COMMA = YES;
				CLANG_WARN_CONSTANT_CONVERSION = YES;
				CLANG_WARN_DEPRECATED_OBJC_IMPLEMENTATIONS = YES;
				CLANG_WARN_DIRECT_OBJC_ISA_USAGE = YES_ERROR;
				CLANG_WARN_DOCUMENTATION_COMMENTS = YES;
				CLANG_WARN_EMPTY_BODY = YES;
				CLANG_WARN_ENUM_CONVERSION = YES;
				CLANG_WARN_INFINITE_RECURSION = YES;
				CLANG_WARN_INT_CONVERSION = YES;
				CLANG_WARN_NON_LITERAL_NULL_CONVERSION = YES;
				CLANG_WARN_OBJC_IMPLICIT_RETAIN_SELF = YES;
				CLANG_WARN_OBJC_LITERAL_CONVERSION = YES;
				CLANG_WARN_OBJC_ROOT_CLASS = YES_ERROR;
				CLANG_WARN_QUOTED_INCLUDE_IN_FRAMEWORK_HEADER = YES;
				CLANG_WARN_RANGE_LOOP_ANALYSIS = YES;
				CLANG_WARN_STRICT_PROTOTYPES = YES;
				CLANG_WARN_SUSPICIOUS_MOVE = YES;
				CLANG_WARN_UNGUARDED_AVAILABILITY = YES_AGGRESSIVE;
				CLANG_WARN_UNREACHABLE_CODE = YES;
				CLANG_WARN__DUPLICATE_METHOD_MATCH = YES;
				COPY_PHASE_STRIP = NO;
				DEBUG_INFORMATION_FORMAT = dwarf;
				ENABLE_STRICT_OBJC_MSGSEND = YES;
				ENABLE_TESTABILITY = YES;
				GCC_C_LANGUAGE_STANDARD = gnu11;
				GCC_DYNAMIC_NO_PIC = NO;
				GCC_NO_COMMON_BLOCKS = YES;
				GCC_OPTIMIZATION_LEVEL = 0;
				GCC_PREPROCESSOR_DEFINITIONS = (
					"DEBUG=1",
					"$(inherited)",
				);
				GCC_WARN_64_TO_32_BIT_CONVERSION = YES;
				GCC_WARN_ABOUT_RETURN_TYPE = YES_ERROR;
				GCC_WARN_UNDECLARED_SELECTOR = YES;
				GCC_WARN_UNINITIALIZED_AUTOS = YES_AGGRESSIVE;
				GCC_WARN_UNUSED_FUNCTION = YES;
				GCC_WARN_UNUSED_VARIABLE = YES;
				IPHONEOS_DEPLOYMENT_TARGET = 16.0;
				MTL_ENABLE_DEBUG_INFO = INCLUDE_SOURCE;
				MTL_FAST_MATH = YES;
				ONLY_ACTIVE_ARCH = YES;
				SDKROOT = iphoneos;
				SWIFT_ACTIVE_COMPILATION_CONDITIONS = DEBUG;
				SWIFT_OPTIMIZATION_LEVEL = "-Onone";
			};
			name = Debug;
		};
		11A1ADA828F8634500FA2B36 /* Release */ = {
			isa = XCBuildConfiguration;
			buildSettings = {
				ALWAYS_SEARCH_USER_PATHS = NO;
				CLANG_ANALYZER_NONNULL = YES;
				CLANG_ANALYZER_NUMBER_OBJECT_CONVERSION = YES_AGGRESSIVE;
				CLANG_CXX_LANGUAGE_STANDARD = "gnu++20";
				CLANG_ENABLE_MODULES = YES;
				CLANG_ENABLE_OBJC_ARC = YES;
				CLANG_ENABLE_OBJC_WEAK = YES;
				CLANG_WARN_BLOCK_CAPTURE_AUTORELEASING = YES;
				CLANG_WARN_BOOL_CONVERSION = YES;
				CLANG_WARN_COMMA = YES;
				CLANG_WARN_CONSTANT_CONVERSION = YES;
				CLANG_WARN_DEPRECATED_OBJC_IMPLEMENTATIONS = YES;
				CLANG_WARN_DIRECT_OBJC_ISA_USAGE = YES_ERROR;
				CLANG_WARN_DOCUMENTATION_COMMENTS = YES;
				CLANG_WARN_EMPTY_BODY = YES;
				CLANG_WARN_ENUM_CONVERSION = YES;
				CLANG_WARN_INFINITE_RECURSION = YES;
				CLANG_WARN_INT_CONVERSION = YES;
				CLANG_WARN_NON_LITERAL_NULL_CONVERSION = YES;
				CLANG_WARN_OBJC_IMPLICIT_RETAIN_SELF = YES;
				CLANG_WARN_OBJC_LITERAL_CONVERSION = YES;
				CLANG_WARN_OBJC_ROOT_CLASS = YES_ERROR;
				CLANG_WARN_QUOTED_INCLUDE_IN_FRAMEWORK_HEADER = YES;
				CLANG_WARN_RANGE_LOOP_ANALYSIS = YES;
				CLANG_WARN_STRICT_PROTOTYPES = YES;
				CLANG_WARN_SUSPICIOUS_MOVE = YES;
				CLANG_WARN_UNGUARDED_AVAILABILITY = YES_AGGRESSIVE;
				CLANG_WARN_UNREACHABLE_CODE = YES;
				CLANG_WARN__DUPLICATE_METHOD_MATCH = YES;
				COPY_PHASE_STRIP = NO;
				DEBUG_INFORMATION_FORMAT = "dwarf-with-dsym";
				ENABLE_NS_ASSERTIONS = NO;
				ENABLE_STRICT_OBJC_MSGSEND = YES;
				GCC_C_LANGUAGE_STANDARD = gnu11;
				GCC_NO_COMMON_BLOCKS = YES;
				GCC_WARN_64_TO_32_BIT_CONVERSION = YES;
				GCC_WARN_ABOUT_RETURN_TYPE = YES_ERROR;
				GCC_WARN_UNDECLARED_SELECTOR = YES;
				GCC_WARN_UNINITIALIZED_AUTOS = YES_AGGRESSIVE;
				GCC_WARN_UNUSED_FUNCTION = YES;
				GCC_WARN_UNUSED_VARIABLE = YES;
				IPHONEOS_DEPLOYMENT_TARGET = 16.0;
				MTL_ENABLE_DEBUG_INFO = NO;
				MTL_FAST_MATH = YES;
				SDKROOT = iphoneos;
				SWIFT_COMPILATION_MODE = wholemodule;
				SWIFT_OPTIMIZATION_LEVEL = "-O";
				VALIDATE_PRODUCT = YES;
			};
			name = Release;
		};
		11A1ADAA28F8634500FA2B36 /* Debug */ = {
			isa = XCBuildConfiguration;
			buildSettings = {
				ASSETCATALOG_COMPILER_APPICON_NAME = AppIcon;
				ASSETCATALOG_COMPILER_GLOBAL_ACCENT_COLOR_NAME = AccentColor;
				CODE_SIGN_ENTITLEMENTS = "GI Profile/GI Profile.entitlements";
				CODE_SIGN_STYLE = Automatic;
				CURRENT_PROJECT_VERSION = 1;
				DEVELOPMENT_TEAM = BFJQQT3YDX;
				ENABLE_PREVIEWS = YES;
				GENERATE_INFOPLIST_FILE = YES;
				INFOPLIST_KEY_UIApplicationSceneManifest_Generation = YES;
				INFOPLIST_KEY_UIApplicationSupportsIndirectInputEvents = YES;
				INFOPLIST_KEY_UILaunchScreen_Generation = YES;
				INFOPLIST_KEY_UISupportedInterfaceOrientations_iPad = "UIInterfaceOrientationPortrait UIInterfaceOrientationPortraitUpsideDown UIInterfaceOrientationLandscapeLeft UIInterfaceOrientationLandscapeRight";
				INFOPLIST_KEY_UISupportedInterfaceOrientations_iPhone = "UIInterfaceOrientationPortrait UIInterfaceOrientationLandscapeLeft UIInterfaceOrientationLandscapeRight";
				LD_RUNPATH_SEARCH_PATHS = (
					"$(inherited)",
					"@executable_path/Frameworks",
				);
				MARKETING_VERSION = 1.0;
				PRODUCT_BUNDLE_IDENTIFIER = "ru.pukhanov.GI-Profile";
				PRODUCT_NAME = "$(TARGET_NAME)";
				SWIFT_EMIT_LOC_STRINGS = YES;
				SWIFT_VERSION = 5.0;
				TARGETED_DEVICE_FAMILY = "1,2";
			};
			name = Debug;
		};
		11A1ADAB28F8634500FA2B36 /* Release */ = {
			isa = XCBuildConfiguration;
			buildSettings = {
				ASSETCATALOG_COMPILER_APPICON_NAME = AppIcon;
				ASSETCATALOG_COMPILER_GLOBAL_ACCENT_COLOR_NAME = AccentColor;
				CODE_SIGN_ENTITLEMENTS = "GI Profile/GI Profile.entitlements";
				CODE_SIGN_STYLE = Automatic;
				CURRENT_PROJECT_VERSION = 1;
				DEVELOPMENT_TEAM = BFJQQT3YDX;
				ENABLE_PREVIEWS = YES;
				GENERATE_INFOPLIST_FILE = YES;
				INFOPLIST_KEY_UIApplicationSceneManifest_Generation = YES;
				INFOPLIST_KEY_UIApplicationSupportsIndirectInputEvents = YES;
				INFOPLIST_KEY_UILaunchScreen_Generation = YES;
				INFOPLIST_KEY_UISupportedInterfaceOrientations_iPad = "UIInterfaceOrientationPortrait UIInterfaceOrientationPortraitUpsideDown UIInterfaceOrientationLandscapeLeft UIInterfaceOrientationLandscapeRight";
				INFOPLIST_KEY_UISupportedInterfaceOrientations_iPhone = "UIInterfaceOrientationPortrait UIInterfaceOrientationLandscapeLeft UIInterfaceOrientationLandscapeRight";
				LD_RUNPATH_SEARCH_PATHS = (
					"$(inherited)",
					"@executable_path/Frameworks",
				);
				MARKETING_VERSION = 1.0;
				PRODUCT_BUNDLE_IDENTIFIER = "ru.pukhanov.GI-Profile";
				PRODUCT_NAME = "$(TARGET_NAME)";
				SWIFT_EMIT_LOC_STRINGS = YES;
				SWIFT_VERSION = 5.0;
				TARGETED_DEVICE_FAMILY = "1,2";
			};
			name = Release;
		};
/* End XCBuildConfiguration section */

/* Begin XCConfigurationList section */
		11A1AD9628F8634500FA2B36 /* Build configuration list for PBXProject "GI Profile" */ = {
			isa = XCConfigurationList;
			buildConfigurations = (
				11A1ADA728F8634500FA2B36 /* Debug */,
				11A1ADA828F8634500FA2B36 /* Release */,
			);
			defaultConfigurationIsVisible = 0;
			defaultConfigurationName = Release;
		};
		11A1ADA928F8634500FA2B36 /* Build configuration list for PBXNativeTarget "GI Profile" */ = {
			isa = XCConfigurationList;
			buildConfigurations = (
				11A1ADAA28F8634500FA2B36 /* Debug */,
				11A1ADAB28F8634500FA2B36 /* Release */,
			);
			defaultConfigurationIsVisible = 0;
			defaultConfigurationName = Release;
		};
/* End XCConfigurationList section */
	};
	rootObject = 11A1AD9328F8634500FA2B36 /* Project object */;
}
